// !$*UTF8*$!
{
	archiveVersion = 1;
	classes = {
	};
	objectVersion = 47;
	objects = {

/* Begin PBXAggregateTarget section */
		E7A4701D2183060F00287BD3 /* FTAPIKit-Documentation */ = {
			isa = PBXAggregateTarget;
			buildConfigurationList = E7A470202183060F00287BD3 /* Build configuration list for PBXAggregateTarget "FTAPIKit-Documentation" */;
			buildPhases = (
				E7A470212183061700287BD3 /* ShellScript */,
			);
			dependencies = (
			);
			name = "FTAPIKit-Documentation";
			productName = "FTAPIKit-Docs";
		};
/* End PBXAggregateTarget section */

/* Begin PBXBuildFile section */
		52D6D9871BEFF229002C0205 /* FTAPIKit.framework in Frameworks */ = {isa = PBXBuildFile; fileRef = 52D6D97C1BEFF229002C0205 /* FTAPIKit.framework */; };
		A74B18FD22C4B28900EE524A /* Serialized.swift in Sources */ = {isa = PBXBuildFile; fileRef = A74B18FC22C4B28900EE524A /* Serialized.swift */; };
		A74B191122C4CD3000EE524A /* Serialized.swift in Sources */ = {isa = PBXBuildFile; fileRef = A74B18FC22C4B28900EE524A /* Serialized.swift */; };
		A74B191222C4CD3100EE524A /* Serialized.swift in Sources */ = {isa = PBXBuildFile; fileRef = A74B18FC22C4B28900EE524A /* Serialized.swift */; };
		A74B191322C4CD3100EE524A /* Serialized.swift in Sources */ = {isa = PBXBuildFile; fileRef = A74B18FC22C4B28900EE524A /* Serialized.swift */; };
		BE235E8E22C0C23F00A09114 /* StressTests.swift in Sources */ = {isa = PBXBuildFile; fileRef = BE235E8422C0BA4200A09114 /* StressTests.swift */; };
		BE235E8F22C0C23F00A09114 /* StressTests.swift in Sources */ = {isa = PBXBuildFile; fileRef = BE235E8422C0BA4200A09114 /* StressTests.swift */; };
		BE235E9022C0C24000A09114 /* StressTests.swift in Sources */ = {isa = PBXBuildFile; fileRef = BE235E8422C0BA4200A09114 /* StressTests.swift */; };
		DD7502881C68FEDE006590AF /* FTAPIKit.framework in Frameworks */ = {isa = PBXBuildFile; fileRef = 52D6DA0F1BF000BD002C0205 /* FTAPIKit.framework */; };
		DD7502921C690C7A006590AF /* FTAPIKit.framework in Frameworks */ = {isa = PBXBuildFile; fileRef = 52D6D9F01BEFFFBE002C0205 /* FTAPIKit.framework */; };
		E7197F77223510FF0059A54A /* MultipartBodyPart.swift in Sources */ = {isa = PBXBuildFile; fileRef = E7197F76223510FF0059A54A /* MultipartBodyPart.swift */; };
		E7197F78223510FF0059A54A /* MultipartBodyPart.swift in Sources */ = {isa = PBXBuildFile; fileRef = E7197F76223510FF0059A54A /* MultipartBodyPart.swift */; };
		E7197F79223510FF0059A54A /* MultipartBodyPart.swift in Sources */ = {isa = PBXBuildFile; fileRef = E7197F76223510FF0059A54A /* MultipartBodyPart.swift */; };
		E7197F7A223510FF0059A54A /* MultipartBodyPart.swift in Sources */ = {isa = PBXBuildFile; fileRef = E7197F76223510FF0059A54A /* MultipartBodyPart.swift */; };
		E7197F802235266A0059A54A /* MockupBodyPart.jpg in Resources */ = {isa = PBXBuildFile; fileRef = E7197F7B223523A40059A54A /* MockupBodyPart.jpg */; };
		E7197F812235266A0059A54A /* MockupBodyPart.jpg in Resources */ = {isa = PBXBuildFile; fileRef = E7197F7B223523A40059A54A /* MockupBodyPart.jpg */; };
		E7197F822235266B0059A54A /* MockupBodyPart.jpg in Resources */ = {isa = PBXBuildFile; fileRef = E7197F7B223523A40059A54A /* MockupBodyPart.jpg */; };
		E766870B2236FCFE0090DC08 /* APIError.swift in Sources */ = {isa = PBXBuildFile; fileRef = E766870A2236FCFE0090DC08 /* APIError.swift */; };
		E766870C2236FCFE0090DC08 /* APIError.swift in Sources */ = {isa = PBXBuildFile; fileRef = E766870A2236FCFE0090DC08 /* APIError.swift */; };
		E766870D2236FCFE0090DC08 /* APIError.swift in Sources */ = {isa = PBXBuildFile; fileRef = E766870A2236FCFE0090DC08 /* APIError.swift */; };
		E766870E2236FCFE0090DC08 /* APIError.swift in Sources */ = {isa = PBXBuildFile; fileRef = E766870A2236FCFE0090DC08 /* APIError.swift */; };
		E7692824222431CE0031137D /* MultipartFormData.swift in Sources */ = {isa = PBXBuildFile; fileRef = E7692823222431CE0031137D /* MultipartFormData.swift */; };
		E7692825222431CE0031137D /* MultipartFormData.swift in Sources */ = {isa = PBXBuildFile; fileRef = E7692823222431CE0031137D /* MultipartFormData.swift */; };
		E7692826222431CE0031137D /* MultipartFormData.swift in Sources */ = {isa = PBXBuildFile; fileRef = E7692823222431CE0031137D /* MultipartFormData.swift */; };
		E7692827222431CE0031137D /* MultipartFormData.swift in Sources */ = {isa = PBXBuildFile; fileRef = E7692823222431CE0031137D /* MultipartFormData.swift */; };
		E769282922269D4C0031137D /* OutputStream+Write.swift in Sources */ = {isa = PBXBuildFile; fileRef = E769282822269D4C0031137D /* OutputStream+Write.swift */; };
		E769282A22269D4C0031137D /* OutputStream+Write.swift in Sources */ = {isa = PBXBuildFile; fileRef = E769282822269D4C0031137D /* OutputStream+Write.swift */; };
		E769282B22269D4C0031137D /* OutputStream+Write.swift in Sources */ = {isa = PBXBuildFile; fileRef = E769282822269D4C0031137D /* OutputStream+Write.swift */; };
		E769282C22269D4C0031137D /* OutputStream+Write.swift in Sources */ = {isa = PBXBuildFile; fileRef = E769282822269D4C0031137D /* OutputStream+Write.swift */; };
		E792629D219710A700CDBB7E /* URLSessionAPIAdapter.swift in Sources */ = {isa = PBXBuildFile; fileRef = E792629C219710A700CDBB7E /* URLSessionAPIAdapter.swift */; };
		E792629E219710A700CDBB7E /* URLSessionAPIAdapter.swift in Sources */ = {isa = PBXBuildFile; fileRef = E792629C219710A700CDBB7E /* URLSessionAPIAdapter.swift */; };
		E792629F219710A700CDBB7E /* URLSessionAPIAdapter.swift in Sources */ = {isa = PBXBuildFile; fileRef = E792629C219710A700CDBB7E /* URLSessionAPIAdapter.swift */; };
		E79262A0219710A700CDBB7E /* URLSessionAPIAdapter.swift in Sources */ = {isa = PBXBuildFile; fileRef = E792629C219710A700CDBB7E /* URLSessionAPIAdapter.swift */; };
		E7B7741B2152752A006E7585 /* APIAdapter.swift in Sources */ = {isa = PBXBuildFile; fileRef = E7B774142152752A006E7585 /* APIAdapter.swift */; };
		E7B7741C2152752A006E7585 /* APIAdapter.swift in Sources */ = {isa = PBXBuildFile; fileRef = E7B774142152752A006E7585 /* APIAdapter.swift */; };
		E7B7741D2152752A006E7585 /* APIAdapter.swift in Sources */ = {isa = PBXBuildFile; fileRef = E7B774142152752A006E7585 /* APIAdapter.swift */; };
		E7B7741E2152752A006E7585 /* APIAdapter.swift in Sources */ = {isa = PBXBuildFile; fileRef = E7B774142152752A006E7585 /* APIAdapter.swift */; };
		E7B7741F2152752A006E7585 /* URL+APIAdapter.swift in Sources */ = {isa = PBXBuildFile; fileRef = E7B774152152752A006E7585 /* URL+APIAdapter.swift */; };
		E7B774202152752A006E7585 /* URL+APIAdapter.swift in Sources */ = {isa = PBXBuildFile; fileRef = E7B774152152752A006E7585 /* URL+APIAdapter.swift */; };
		E7B774212152752A006E7585 /* URL+APIAdapter.swift in Sources */ = {isa = PBXBuildFile; fileRef = E7B774152152752A006E7585 /* URL+APIAdapter.swift */; };
		E7B774222152752A006E7585 /* URL+APIAdapter.swift in Sources */ = {isa = PBXBuildFile; fileRef = E7B774152152752A006E7585 /* URL+APIAdapter.swift */; };
		E7B774272152752A006E7585 /* URLRequest+APIAdapter.swift in Sources */ = {isa = PBXBuildFile; fileRef = E7B774172152752A006E7585 /* URLRequest+APIAdapter.swift */; };
		E7B774282152752A006E7585 /* URLRequest+APIAdapter.swift in Sources */ = {isa = PBXBuildFile; fileRef = E7B774172152752A006E7585 /* URLRequest+APIAdapter.swift */; };
		E7B774292152752A006E7585 /* URLRequest+APIAdapter.swift in Sources */ = {isa = PBXBuildFile; fileRef = E7B774172152752A006E7585 /* URLRequest+APIAdapter.swift */; };
		E7B7742A2152752A006E7585 /* URLRequest+APIAdapter.swift in Sources */ = {isa = PBXBuildFile; fileRef = E7B774172152752A006E7585 /* URLRequest+APIAdapter.swift */; };
		E7B7742B2152752A006E7585 /* AnyEncodable.swift in Sources */ = {isa = PBXBuildFile; fileRef = E7B774182152752A006E7585 /* AnyEncodable.swift */; };
		E7B7742C2152752A006E7585 /* AnyEncodable.swift in Sources */ = {isa = PBXBuildFile; fileRef = E7B774182152752A006E7585 /* AnyEncodable.swift */; };
		E7B7742D2152752A006E7585 /* AnyEncodable.swift in Sources */ = {isa = PBXBuildFile; fileRef = E7B774182152752A006E7585 /* AnyEncodable.swift */; };
		E7B7742E2152752A006E7585 /* AnyEncodable.swift in Sources */ = {isa = PBXBuildFile; fileRef = E7B774182152752A006E7585 /* AnyEncodable.swift */; };
		E7B7742F2152752A006E7585 /* APIEndpoint.swift in Sources */ = {isa = PBXBuildFile; fileRef = E7B774192152752A006E7585 /* APIEndpoint.swift */; };
		E7B774302152752A006E7585 /* APIEndpoint.swift in Sources */ = {isa = PBXBuildFile; fileRef = E7B774192152752A006E7585 /* APIEndpoint.swift */; };
		E7B774312152752A006E7585 /* APIEndpoint.swift in Sources */ = {isa = PBXBuildFile; fileRef = E7B774192152752A006E7585 /* APIEndpoint.swift */; };
		E7B774322152752A006E7585 /* APIEndpoint.swift in Sources */ = {isa = PBXBuildFile; fileRef = E7B774192152752A006E7585 /* APIEndpoint.swift */; };
		E7B774332152752A006E7585 /* APIAdapter+Types.swift in Sources */ = {isa = PBXBuildFile; fileRef = E7B7741A2152752A006E7585 /* APIAdapter+Types.swift */; };
		E7B774342152752A006E7585 /* APIAdapter+Types.swift in Sources */ = {isa = PBXBuildFile; fileRef = E7B7741A2152752A006E7585 /* APIAdapter+Types.swift */; };
		E7B774352152752A006E7585 /* APIAdapter+Types.swift in Sources */ = {isa = PBXBuildFile; fileRef = E7B7741A2152752A006E7585 /* APIAdapter+Types.swift */; };
		E7B774362152752A006E7585 /* APIAdapter+Types.swift in Sources */ = {isa = PBXBuildFile; fileRef = E7B7741A2152752A006E7585 /* APIAdapter+Types.swift */; };
		E7B774382152776A006E7585 /* APIAdapterTests.swift in Sources */ = {isa = PBXBuildFile; fileRef = E7B774372152776A006E7585 /* APIAdapterTests.swift */; };
		E7B774392152776A006E7585 /* APIAdapterTests.swift in Sources */ = {isa = PBXBuildFile; fileRef = E7B774372152776A006E7585 /* APIAdapterTests.swift */; };
		E7B7743A2152776A006E7585 /* APIAdapterTests.swift in Sources */ = {isa = PBXBuildFile; fileRef = E7B774372152776A006E7585 /* APIAdapterTests.swift */; };
		E7B7743C21527883006E7585 /* MockupAPIAdapterDelegate.swift in Sources */ = {isa = PBXBuildFile; fileRef = E7B7743B21527883006E7585 /* MockupAPIAdapterDelegate.swift */; };
		E7B7743D21527883006E7585 /* MockupAPIAdapterDelegate.swift in Sources */ = {isa = PBXBuildFile; fileRef = E7B7743B21527883006E7585 /* MockupAPIAdapterDelegate.swift */; };
		E7B7743E21527883006E7585 /* MockupAPIAdapterDelegate.swift in Sources */ = {isa = PBXBuildFile; fileRef = E7B7743B21527883006E7585 /* MockupAPIAdapterDelegate.swift */; };
		F317B5F7229805B50050217F /* CharacterSet+APIAdapter.swift in Sources */ = {isa = PBXBuildFile; fileRef = F317B5F6229805B50050217F /* CharacterSet+APIAdapter.swift */; };
		F317B5F822980E2C0050217F /* CharacterSet+APIAdapter.swift in Sources */ = {isa = PBXBuildFile; fileRef = F317B5F6229805B50050217F /* CharacterSet+APIAdapter.swift */; };
		F317B5F922980E2C0050217F /* CharacterSet+APIAdapter.swift in Sources */ = {isa = PBXBuildFile; fileRef = F317B5F6229805B50050217F /* CharacterSet+APIAdapter.swift */; };
		F317B5FA22980E2D0050217F /* CharacterSet+APIAdapter.swift in Sources */ = {isa = PBXBuildFile; fileRef = F317B5F6229805B50050217F /* CharacterSet+APIAdapter.swift */; };
/* End PBXBuildFile section */

/* Begin PBXContainerItemProxy section */
		52D6D9881BEFF229002C0205 /* PBXContainerItemProxy */ = {
			isa = PBXContainerItemProxy;
			containerPortal = 52D6D9731BEFF229002C0205 /* Project object */;
			proxyType = 1;
			remoteGlobalIDString = 52D6D97B1BEFF229002C0205;
			remoteInfo = FTAPIKit;
		};
		DD7502801C68FCFC006590AF /* PBXContainerItemProxy */ = {
			isa = PBXContainerItemProxy;
			containerPortal = 52D6D9731BEFF229002C0205 /* Project object */;
			proxyType = 1;
			remoteGlobalIDString = 52D6DA0E1BF000BD002C0205;
			remoteInfo = "FTAPIKit-macOS";
		};
		DD7502931C690C7A006590AF /* PBXContainerItemProxy */ = {
			isa = PBXContainerItemProxy;
			containerPortal = 52D6D9731BEFF229002C0205 /* Project object */;
			proxyType = 1;
			remoteGlobalIDString = 52D6D9EF1BEFFFBE002C0205;
			remoteInfo = "FTAPIKit-tvOS";
		};
/* End PBXContainerItemProxy section */

/* Begin PBXFileReference section */
		52D6D97C1BEFF229002C0205 /* FTAPIKit.framework */ = {isa = PBXFileReference; explicitFileType = wrapper.framework; includeInIndex = 0; path = FTAPIKit.framework; sourceTree = BUILT_PRODUCTS_DIR; };
		52D6D9861BEFF229002C0205 /* FTAPIKit-iOS Tests.xctest */ = {isa = PBXFileReference; explicitFileType = wrapper.cfbundle; includeInIndex = 0; path = "FTAPIKit-iOS Tests.xctest"; sourceTree = BUILT_PRODUCTS_DIR; };
		52D6D9E21BEFFF6E002C0205 /* FTAPIKit.framework */ = {isa = PBXFileReference; explicitFileType = wrapper.framework; includeInIndex = 0; path = FTAPIKit.framework; sourceTree = BUILT_PRODUCTS_DIR; };
		52D6D9F01BEFFFBE002C0205 /* FTAPIKit.framework */ = {isa = PBXFileReference; explicitFileType = wrapper.framework; includeInIndex = 0; path = FTAPIKit.framework; sourceTree = BUILT_PRODUCTS_DIR; };
		52D6DA0F1BF000BD002C0205 /* FTAPIKit.framework */ = {isa = PBXFileReference; explicitFileType = wrapper.framework; includeInIndex = 0; path = FTAPIKit.framework; sourceTree = BUILT_PRODUCTS_DIR; };
		A74B18FC22C4B28900EE524A /* Serialized.swift */ = {isa = PBXFileReference; lastKnownFileType = sourcecode.swift; path = Serialized.swift; sourceTree = "<group>"; };
		AD2FAA261CD0B6D800659CF4 /* FTAPIKit.plist */ = {isa = PBXFileReference; fileEncoding = 4; lastKnownFileType = text.plist.xml; path = FTAPIKit.plist; sourceTree = "<group>"; };
		AD2FAA281CD0B6E100659CF4 /* FTAPIKitTests.plist */ = {isa = PBXFileReference; fileEncoding = 4; lastKnownFileType = text.plist.xml; path = FTAPIKitTests.plist; sourceTree = "<group>"; };
		BE235E8422C0BA4200A09114 /* StressTests.swift */ = {isa = PBXFileReference; lastKnownFileType = sourcecode.swift; path = StressTests.swift; sourceTree = "<group>"; };
		DD75027A1C68FCFC006590AF /* FTAPIKit-macOS Tests.xctest */ = {isa = PBXFileReference; explicitFileType = wrapper.cfbundle; includeInIndex = 0; path = "FTAPIKit-macOS Tests.xctest"; sourceTree = BUILT_PRODUCTS_DIR; };
		DD75028D1C690C7A006590AF /* FTAPIKit-tvOS Tests.xctest */ = {isa = PBXFileReference; explicitFileType = wrapper.cfbundle; includeInIndex = 0; path = "FTAPIKit-tvOS Tests.xctest"; sourceTree = BUILT_PRODUCTS_DIR; };
		E7197F76223510FF0059A54A /* MultipartBodyPart.swift */ = {isa = PBXFileReference; lastKnownFileType = sourcecode.swift; path = MultipartBodyPart.swift; sourceTree = "<group>"; };
		E7197F7B223523A40059A54A /* MockupBodyPart.jpg */ = {isa = PBXFileReference; lastKnownFileType = image.jpeg; path = MockupBodyPart.jpg; sourceTree = "<group>"; };
		E766870A2236FCFE0090DC08 /* APIError.swift */ = {isa = PBXFileReference; lastKnownFileType = sourcecode.swift; path = APIError.swift; sourceTree = "<group>"; };
		E7692823222431CE0031137D /* MultipartFormData.swift */ = {isa = PBXFileReference; lastKnownFileType = sourcecode.swift; path = MultipartFormData.swift; sourceTree = "<group>"; };
		E769282822269D4C0031137D /* OutputStream+Write.swift */ = {isa = PBXFileReference; lastKnownFileType = sourcecode.swift; path = "OutputStream+Write.swift"; sourceTree = "<group>"; };
		E792629C219710A700CDBB7E /* URLSessionAPIAdapter.swift */ = {isa = PBXFileReference; lastKnownFileType = sourcecode.swift; path = URLSessionAPIAdapter.swift; sourceTree = "<group>"; };
		E7B774142152752A006E7585 /* APIAdapter.swift */ = {isa = PBXFileReference; fileEncoding = 4; lastKnownFileType = sourcecode.swift; path = APIAdapter.swift; sourceTree = "<group>"; };
		E7B774152152752A006E7585 /* URL+APIAdapter.swift */ = {isa = PBXFileReference; fileEncoding = 4; lastKnownFileType = sourcecode.swift; path = "URL+APIAdapter.swift"; sourceTree = "<group>"; };
		E7B774172152752A006E7585 /* URLRequest+APIAdapter.swift */ = {isa = PBXFileReference; fileEncoding = 4; lastKnownFileType = sourcecode.swift; path = "URLRequest+APIAdapter.swift"; sourceTree = "<group>"; };
		E7B774182152752A006E7585 /* AnyEncodable.swift */ = {isa = PBXFileReference; fileEncoding = 4; lastKnownFileType = sourcecode.swift; path = AnyEncodable.swift; sourceTree = "<group>"; };
		E7B774192152752A006E7585 /* APIEndpoint.swift */ = {isa = PBXFileReference; fileEncoding = 4; lastKnownFileType = sourcecode.swift; path = APIEndpoint.swift; sourceTree = "<group>"; };
		E7B7741A2152752A006E7585 /* APIAdapter+Types.swift */ = {isa = PBXFileReference; fileEncoding = 4; lastKnownFileType = sourcecode.swift; path = "APIAdapter+Types.swift"; sourceTree = "<group>"; };
		E7B774372152776A006E7585 /* APIAdapterTests.swift */ = {isa = PBXFileReference; fileEncoding = 4; lastKnownFileType = sourcecode.swift; path = APIAdapterTests.swift; sourceTree = "<group>"; };
		E7B7743B21527883006E7585 /* MockupAPIAdapterDelegate.swift */ = {isa = PBXFileReference; fileEncoding = 4; lastKnownFileType = sourcecode.swift; path = MockupAPIAdapterDelegate.swift; sourceTree = "<group>"; };
		F317B5F6229805B50050217F /* CharacterSet+APIAdapter.swift */ = {isa = PBXFileReference; lastKnownFileType = sourcecode.swift; path = "CharacterSet+APIAdapter.swift"; sourceTree = "<group>"; };
/* End PBXFileReference section */

/* Begin PBXFrameworksBuildPhase section */
		52D6D9781BEFF229002C0205 /* Frameworks */ = {
			isa = PBXFrameworksBuildPhase;
			buildActionMask = 2147483647;
			files = (
			);
			runOnlyForDeploymentPostprocessing = 0;
		};
		52D6D9831BEFF229002C0205 /* Frameworks */ = {
			isa = PBXFrameworksBuildPhase;
			buildActionMask = 2147483647;
			files = (
				52D6D9871BEFF229002C0205 /* FTAPIKit.framework in Frameworks */,
			);
			runOnlyForDeploymentPostprocessing = 0;
		};
		52D6D9DE1BEFFF6E002C0205 /* Frameworks */ = {
			isa = PBXFrameworksBuildPhase;
			buildActionMask = 2147483647;
			files = (
			);
			runOnlyForDeploymentPostprocessing = 0;
		};
		52D6D9EC1BEFFFBE002C0205 /* Frameworks */ = {
			isa = PBXFrameworksBuildPhase;
			buildActionMask = 2147483647;
			files = (
			);
			runOnlyForDeploymentPostprocessing = 0;
		};
		52D6DA0B1BF000BD002C0205 /* Frameworks */ = {
			isa = PBXFrameworksBuildPhase;
			buildActionMask = 2147483647;
			files = (
			);
			runOnlyForDeploymentPostprocessing = 0;
		};
		DD7502771C68FCFC006590AF /* Frameworks */ = {
			isa = PBXFrameworksBuildPhase;
			buildActionMask = 2147483647;
			files = (
				DD7502881C68FEDE006590AF /* FTAPIKit.framework in Frameworks */,
			);
			runOnlyForDeploymentPostprocessing = 0;
		};
		DD75028A1C690C7A006590AF /* Frameworks */ = {
			isa = PBXFrameworksBuildPhase;
			buildActionMask = 2147483647;
			files = (
				DD7502921C690C7A006590AF /* FTAPIKit.framework in Frameworks */,
			);
			runOnlyForDeploymentPostprocessing = 0;
		};
/* End PBXFrameworksBuildPhase section */

/* Begin PBXGroup section */
		52D6D9721BEFF229002C0205 = {
			isa = PBXGroup;
			children = (
				8933C7811EB5B7E0000D00A4 /* Sources */,
				8933C7831EB5B7EB000D00A4 /* Tests */,
				52D6D99C1BEFF38C002C0205 /* Configs */,
				52D6D97D1BEFF229002C0205 /* Products */,
			);
			sourceTree = "<group>";
		};
		52D6D97D1BEFF229002C0205 /* Products */ = {
			isa = PBXGroup;
			children = (
				52D6D97C1BEFF229002C0205 /* FTAPIKit.framework */,
				52D6D9861BEFF229002C0205 /* FTAPIKit-iOS Tests.xctest */,
				52D6D9E21BEFFF6E002C0205 /* FTAPIKit.framework */,
				52D6D9F01BEFFFBE002C0205 /* FTAPIKit.framework */,
				52D6DA0F1BF000BD002C0205 /* FTAPIKit.framework */,
				DD75027A1C68FCFC006590AF /* FTAPIKit-macOS Tests.xctest */,
				DD75028D1C690C7A006590AF /* FTAPIKit-tvOS Tests.xctest */,
			);
			name = Products;
			sourceTree = "<group>";
		};
		52D6D99C1BEFF38C002C0205 /* Configs */ = {
			isa = PBXGroup;
			children = (
				DD7502721C68FC1B006590AF /* Frameworks */,
				DD7502731C68FC20006590AF /* Tests */,
			);
			path = Configs;
			sourceTree = "<group>";
		};
		8933C7811EB5B7E0000D00A4 /* Sources */ = {
			isa = PBXGroup;
			children = (
				E7B774192152752A006E7585 /* APIEndpoint.swift */,
				E7B774142152752A006E7585 /* APIAdapter.swift */,
				E7B7741A2152752A006E7585 /* APIAdapter+Types.swift */,
				E766870A2236FCFE0090DC08 /* APIError.swift */,
				E792629C219710A700CDBB7E /* URLSessionAPIAdapter.swift */,
				E7B774182152752A006E7585 /* AnyEncodable.swift */,
				E7B774152152752A006E7585 /* URL+APIAdapter.swift */,
				E7B774172152752A006E7585 /* URLRequest+APIAdapter.swift */,
				F317B5F6229805B50050217F /* CharacterSet+APIAdapter.swift */,
				E7692823222431CE0031137D /* MultipartFormData.swift */,
				E769282822269D4C0031137D /* OutputStream+Write.swift */,
				E7197F76223510FF0059A54A /* MultipartBodyPart.swift */,
				A74B18FC22C4B28900EE524A /* Serialized.swift */,
			);
			path = Sources;
			sourceTree = "<group>";
		};
		8933C7831EB5B7EB000D00A4 /* Tests */ = {
			isa = PBXGroup;
			children = (
				E7B7743F21527886006E7585 /* Mockups */,
				BE235E8422C0BA4200A09114 /* StressTests.swift */,
				E7B774372152776A006E7585 /* APIAdapterTests.swift */,
			);
			name = Tests;
			path = Tests/FTAPIKitTests;
			sourceTree = "<group>";
		};
		DD7502721C68FC1B006590AF /* Frameworks */ = {
			isa = PBXGroup;
			children = (
				AD2FAA261CD0B6D800659CF4 /* FTAPIKit.plist */,
			);
			name = Frameworks;
			sourceTree = "<group>";
		};
		DD7502731C68FC20006590AF /* Tests */ = {
			isa = PBXGroup;
			children = (
				AD2FAA281CD0B6E100659CF4 /* FTAPIKitTests.plist */,
			);
			name = Tests;
			sourceTree = "<group>";
		};
		E7B7743F21527886006E7585 /* Mockups */ = {
			isa = PBXGroup;
			children = (
				E7197F7B223523A40059A54A /* MockupBodyPart.jpg */,
				E7B7743B21527883006E7585 /* MockupAPIAdapterDelegate.swift */,
			);
			path = Mockups;
			sourceTree = "<group>";
		};
/* End PBXGroup section */

/* Begin PBXHeadersBuildPhase section */
		52D6D9791BEFF229002C0205 /* Headers */ = {
			isa = PBXHeadersBuildPhase;
			buildActionMask = 2147483647;
			files = (
			);
			runOnlyForDeploymentPostprocessing = 0;
		};
		52D6D9DF1BEFFF6E002C0205 /* Headers */ = {
			isa = PBXHeadersBuildPhase;
			buildActionMask = 2147483647;
			files = (
			);
			runOnlyForDeploymentPostprocessing = 0;
		};
		52D6D9ED1BEFFFBE002C0205 /* Headers */ = {
			isa = PBXHeadersBuildPhase;
			buildActionMask = 2147483647;
			files = (
			);
			runOnlyForDeploymentPostprocessing = 0;
		};
		52D6DA0C1BF000BD002C0205 /* Headers */ = {
			isa = PBXHeadersBuildPhase;
			buildActionMask = 2147483647;
			files = (
			);
			runOnlyForDeploymentPostprocessing = 0;
		};
/* End PBXHeadersBuildPhase section */

/* Begin PBXNativeTarget section */
		52D6D97B1BEFF229002C0205 /* FTAPIKit-iOS */ = {
			isa = PBXNativeTarget;
			buildConfigurationList = 52D6D9901BEFF229002C0205 /* Build configuration list for PBXNativeTarget "FTAPIKit-iOS" */;
			buildPhases = (
				52D6D9771BEFF229002C0205 /* Sources */,
				52D6D9781BEFF229002C0205 /* Frameworks */,
				52D6D9791BEFF229002C0205 /* Headers */,
				52D6D97A1BEFF229002C0205 /* Resources */,
			);
			buildRules = (
			);
			dependencies = (
			);
			name = "FTAPIKit-iOS";
			productName = FTAPIKit;
			productReference = 52D6D97C1BEFF229002C0205 /* FTAPIKit.framework */;
			productType = "com.apple.product-type.framework";
		};
		52D6D9851BEFF229002C0205 /* FTAPIKit-iOS Tests */ = {
			isa = PBXNativeTarget;
			buildConfigurationList = 52D6D9931BEFF229002C0205 /* Build configuration list for PBXNativeTarget "FTAPIKit-iOS Tests" */;
			buildPhases = (
				52D6D9821BEFF229002C0205 /* Sources */,
				52D6D9831BEFF229002C0205 /* Frameworks */,
				52D6D9841BEFF229002C0205 /* Resources */,
			);
			buildRules = (
			);
			dependencies = (
				52D6D9891BEFF229002C0205 /* PBXTargetDependency */,
			);
			name = "FTAPIKit-iOS Tests";
			productName = FTAPIKitTests;
			productReference = 52D6D9861BEFF229002C0205 /* FTAPIKit-iOS Tests.xctest */;
			productType = "com.apple.product-type.bundle.unit-test";
		};
		52D6D9E11BEFFF6E002C0205 /* FTAPIKit-watchOS */ = {
			isa = PBXNativeTarget;
			buildConfigurationList = 52D6D9E71BEFFF6E002C0205 /* Build configuration list for PBXNativeTarget "FTAPIKit-watchOS" */;
			buildPhases = (
				52D6D9DD1BEFFF6E002C0205 /* Sources */,
				52D6D9DE1BEFFF6E002C0205 /* Frameworks */,
				52D6D9DF1BEFFF6E002C0205 /* Headers */,
				52D6D9E01BEFFF6E002C0205 /* Resources */,
			);
			buildRules = (
			);
			dependencies = (
			);
			name = "FTAPIKit-watchOS";
			productName = "FTAPIKit-watchOS";
			productReference = 52D6D9E21BEFFF6E002C0205 /* FTAPIKit.framework */;
			productType = "com.apple.product-type.framework";
		};
		52D6D9EF1BEFFFBE002C0205 /* FTAPIKit-tvOS */ = {
			isa = PBXNativeTarget;
			buildConfigurationList = 52D6DA011BEFFFBE002C0205 /* Build configuration list for PBXNativeTarget "FTAPIKit-tvOS" */;
			buildPhases = (
				52D6D9EB1BEFFFBE002C0205 /* Sources */,
				52D6D9EC1BEFFFBE002C0205 /* Frameworks */,
				52D6D9ED1BEFFFBE002C0205 /* Headers */,
				52D6D9EE1BEFFFBE002C0205 /* Resources */,
			);
			buildRules = (
			);
			dependencies = (
			);
			name = "FTAPIKit-tvOS";
			productName = "FTAPIKit-tvOS";
			productReference = 52D6D9F01BEFFFBE002C0205 /* FTAPIKit.framework */;
			productType = "com.apple.product-type.framework";
		};
		52D6DA0E1BF000BD002C0205 /* FTAPIKit-macOS */ = {
			isa = PBXNativeTarget;
			buildConfigurationList = 52D6DA201BF000BD002C0205 /* Build configuration list for PBXNativeTarget "FTAPIKit-macOS" */;
			buildPhases = (
				52D6DA0A1BF000BD002C0205 /* Sources */,
				52D6DA0B1BF000BD002C0205 /* Frameworks */,
				52D6DA0C1BF000BD002C0205 /* Headers */,
				52D6DA0D1BF000BD002C0205 /* Resources */,
			);
			buildRules = (
			);
			dependencies = (
			);
			name = "FTAPIKit-macOS";
			productName = "FTAPIKit-macOS";
			productReference = 52D6DA0F1BF000BD002C0205 /* FTAPIKit.framework */;
			productType = "com.apple.product-type.framework";
		};
		DD7502791C68FCFC006590AF /* FTAPIKit-macOS Tests */ = {
			isa = PBXNativeTarget;
			buildConfigurationList = DD7502821C68FCFC006590AF /* Build configuration list for PBXNativeTarget "FTAPIKit-macOS Tests" */;
			buildPhases = (
				DD7502761C68FCFC006590AF /* Sources */,
				DD7502771C68FCFC006590AF /* Frameworks */,
				DD7502781C68FCFC006590AF /* Resources */,
			);
			buildRules = (
			);
			dependencies = (
				DD7502811C68FCFC006590AF /* PBXTargetDependency */,
			);
			name = "FTAPIKit-macOS Tests";
			productName = "FTAPIKit-OS Tests";
			productReference = DD75027A1C68FCFC006590AF /* FTAPIKit-macOS Tests.xctest */;
			productType = "com.apple.product-type.bundle.unit-test";
		};
		DD75028C1C690C7A006590AF /* FTAPIKit-tvOS Tests */ = {
			isa = PBXNativeTarget;
			buildConfigurationList = DD7502951C690C7A006590AF /* Build configuration list for PBXNativeTarget "FTAPIKit-tvOS Tests" */;
			buildPhases = (
				DD7502891C690C7A006590AF /* Sources */,
				DD75028A1C690C7A006590AF /* Frameworks */,
				DD75028B1C690C7A006590AF /* Resources */,
			);
			buildRules = (
			);
			dependencies = (
				DD7502941C690C7A006590AF /* PBXTargetDependency */,
			);
			name = "FTAPIKit-tvOS Tests";
			productName = "FTAPIKit-tvOS Tests";
			productReference = DD75028D1C690C7A006590AF /* FTAPIKit-tvOS Tests.xctest */;
			productType = "com.apple.product-type.bundle.unit-test";
		};
/* End PBXNativeTarget section */

/* Begin PBXProject section */
		52D6D9731BEFF229002C0205 /* Project object */ = {
			isa = PBXProject;
			attributes = {
				LastSwiftUpdateCheck = 1020;
				LastUpgradeCheck = 1020;
				ORGANIZATIONNAME = "FUNTASTY Digital s.r.o.";
				TargetAttributes = {
					52D6D97B1BEFF229002C0205 = {
						CreatedOnToolsVersion = 7.1;
						LastSwiftMigration = 1000;
					};
					52D6D9851BEFF229002C0205 = {
						CreatedOnToolsVersion = 7.1;
						LastSwiftMigration = 1000;
					};
					52D6D9E11BEFFF6E002C0205 = {
						CreatedOnToolsVersion = 7.1;
						LastSwiftMigration = 1000;
					};
					52D6D9EF1BEFFFBE002C0205 = {
						CreatedOnToolsVersion = 7.1;
						LastSwiftMigration = 1000;
					};
					52D6DA0E1BF000BD002C0205 = {
						CreatedOnToolsVersion = 7.1;
						LastSwiftMigration = 1020;
					};
					DD7502791C68FCFC006590AF = {
						CreatedOnToolsVersion = 7.2.1;
						LastSwiftMigration = 1020;
					};
					DD75028C1C690C7A006590AF = {
						CreatedOnToolsVersion = 7.2.1;
						LastSwiftMigration = 1000;
					};
					E7A4701D2183060F00287BD3 = {
						CreatedOnToolsVersion = 10.0;
						ProvisioningStyle = Automatic;
					};
				};
			};
			buildConfigurationList = 52D6D9761BEFF229002C0205 /* Build configuration list for PBXProject "FTAPIKit" */;
			compatibilityVersion = "Xcode 6.3";
			developmentRegion = en;
			hasScannedForEncodings = 0;
			knownRegions = (
				en,
				Base,
			);
			mainGroup = 52D6D9721BEFF229002C0205;
			productRefGroup = 52D6D97D1BEFF229002C0205 /* Products */;
			projectDirPath = "";
			projectRoot = "";
			targets = (
				52D6D97B1BEFF229002C0205 /* FTAPIKit-iOS */,
				52D6DA0E1BF000BD002C0205 /* FTAPIKit-macOS */,
				52D6D9E11BEFFF6E002C0205 /* FTAPIKit-watchOS */,
				52D6D9EF1BEFFFBE002C0205 /* FTAPIKit-tvOS */,
				52D6D9851BEFF229002C0205 /* FTAPIKit-iOS Tests */,
				DD7502791C68FCFC006590AF /* FTAPIKit-macOS Tests */,
				DD75028C1C690C7A006590AF /* FTAPIKit-tvOS Tests */,
				E7A4701D2183060F00287BD3 /* FTAPIKit-Documentation */,
			);
		};
/* End PBXProject section */

/* Begin PBXResourcesBuildPhase section */
		52D6D97A1BEFF229002C0205 /* Resources */ = {
			isa = PBXResourcesBuildPhase;
			buildActionMask = 2147483647;
			files = (
			);
			runOnlyForDeploymentPostprocessing = 0;
		};
		52D6D9841BEFF229002C0205 /* Resources */ = {
			isa = PBXResourcesBuildPhase;
			buildActionMask = 2147483647;
			files = (
				E7197F802235266A0059A54A /* MockupBodyPart.jpg in Resources */,
			);
			runOnlyForDeploymentPostprocessing = 0;
		};
		52D6D9E01BEFFF6E002C0205 /* Resources */ = {
			isa = PBXResourcesBuildPhase;
			buildActionMask = 2147483647;
			files = (
			);
			runOnlyForDeploymentPostprocessing = 0;
		};
		52D6D9EE1BEFFFBE002C0205 /* Resources */ = {
			isa = PBXResourcesBuildPhase;
			buildActionMask = 2147483647;
			files = (
			);
			runOnlyForDeploymentPostprocessing = 0;
		};
		52D6DA0D1BF000BD002C0205 /* Resources */ = {
			isa = PBXResourcesBuildPhase;
			buildActionMask = 2147483647;
			files = (
			);
			runOnlyForDeploymentPostprocessing = 0;
		};
		DD7502781C68FCFC006590AF /* Resources */ = {
			isa = PBXResourcesBuildPhase;
			buildActionMask = 2147483647;
			files = (
				E7197F812235266A0059A54A /* MockupBodyPart.jpg in Resources */,
			);
			runOnlyForDeploymentPostprocessing = 0;
		};
		DD75028B1C690C7A006590AF /* Resources */ = {
			isa = PBXResourcesBuildPhase;
			buildActionMask = 2147483647;
			files = (
				E7197F822235266B0059A54A /* MockupBodyPart.jpg in Resources */,
			);
			runOnlyForDeploymentPostprocessing = 0;
		};
/* End PBXResourcesBuildPhase section */

/* Begin PBXShellScriptBuildPhase section */
		E7A470212183061700287BD3 /* ShellScript */ = {
			isa = PBXShellScriptBuildPhase;
			buildActionMask = 2147483647;
			files = (
			);
			inputFileListPaths = (
			);
			inputPaths = (
			);
			outputFileListPaths = (
			);
			outputPaths = (
			);
			runOnlyForDeploymentPostprocessing = 0;
			shellPath = /bin/sh;
			shellScript = "bundle\nbundle exec jazzy\nopen docs/index.html\n";
		};
/* End PBXShellScriptBuildPhase section */

/* Begin PBXSourcesBuildPhase section */
		52D6D9771BEFF229002C0205 /* Sources */ = {
			isa = PBXSourcesBuildPhase;
			buildActionMask = 2147483647;
			files = (
				E769282922269D4C0031137D /* OutputStream+Write.swift in Sources */,
				E7B7742F2152752A006E7585 /* APIEndpoint.swift in Sources */,
				E7B7741F2152752A006E7585 /* URL+APIAdapter.swift in Sources */,
				E7B774272152752A006E7585 /* URLRequest+APIAdapter.swift in Sources */,
				E7B774332152752A006E7585 /* APIAdapter+Types.swift in Sources */,
				E7B7741B2152752A006E7585 /* APIAdapter.swift in Sources */,
				E7B7742B2152752A006E7585 /* AnyEncodable.swift in Sources */,
				A74B18FD22C4B28900EE524A /* Serialized.swift in Sources */,
				F317B5F7229805B50050217F /* CharacterSet+APIAdapter.swift in Sources */,
				E7197F77223510FF0059A54A /* MultipartBodyPart.swift in Sources */,
				E7692824222431CE0031137D /* MultipartFormData.swift in Sources */,
				E792629D219710A700CDBB7E /* URLSessionAPIAdapter.swift in Sources */,
				E766870B2236FCFE0090DC08 /* APIError.swift in Sources */,
			);
			runOnlyForDeploymentPostprocessing = 0;
		};
		52D6D9821BEFF229002C0205 /* Sources */ = {
			isa = PBXSourcesBuildPhase;
			buildActionMask = 2147483647;
			files = (
				E7B7743C21527883006E7585 /* MockupAPIAdapterDelegate.swift in Sources */,
				BE235E8E22C0C23F00A09114 /* StressTests.swift in Sources */,
				E7B774382152776A006E7585 /* APIAdapterTests.swift in Sources */,
			);
			runOnlyForDeploymentPostprocessing = 0;
		};
		52D6D9DD1BEFFF6E002C0205 /* Sources */ = {
			isa = PBXSourcesBuildPhase;
			buildActionMask = 2147483647;
			files = (
				E769282B22269D4C0031137D /* OutputStream+Write.swift in Sources */,
				E7B774312152752A006E7585 /* APIEndpoint.swift in Sources */,
				E7B774212152752A006E7585 /* URL+APIAdapter.swift in Sources */,
				E7B774292152752A006E7585 /* URLRequest+APIAdapter.swift in Sources */,
				E7B774352152752A006E7585 /* APIAdapter+Types.swift in Sources */,
				E7B7741D2152752A006E7585 /* APIAdapter.swift in Sources */,
				E7B7742D2152752A006E7585 /* AnyEncodable.swift in Sources */,
				A74B191222C4CD3100EE524A /* Serialized.swift in Sources */,
				F317B5F922980E2C0050217F /* CharacterSet+APIAdapter.swift in Sources */,
				E7197F79223510FF0059A54A /* MultipartBodyPart.swift in Sources */,
				E7692826222431CE0031137D /* MultipartFormData.swift in Sources */,
				E792629F219710A700CDBB7E /* URLSessionAPIAdapter.swift in Sources */,
				E766870D2236FCFE0090DC08 /* APIError.swift in Sources */,
			);
			runOnlyForDeploymentPostprocessing = 0;
		};
		52D6D9EB1BEFFFBE002C0205 /* Sources */ = {
			isa = PBXSourcesBuildPhase;
			buildActionMask = 2147483647;
			files = (
				E769282C22269D4C0031137D /* OutputStream+Write.swift in Sources */,
				E7B774322152752A006E7585 /* APIEndpoint.swift in Sources */,
				E7B774222152752A006E7585 /* URL+APIAdapter.swift in Sources */,
				E7B7742A2152752A006E7585 /* URLRequest+APIAdapter.swift in Sources */,
				E7B774362152752A006E7585 /* APIAdapter+Types.swift in Sources */,
				E7B7741E2152752A006E7585 /* APIAdapter.swift in Sources */,
				E7B7742E2152752A006E7585 /* AnyEncodable.swift in Sources */,
				A74B191322C4CD3100EE524A /* Serialized.swift in Sources */,
				F317B5FA22980E2D0050217F /* CharacterSet+APIAdapter.swift in Sources */,
				E7197F7A223510FF0059A54A /* MultipartBodyPart.swift in Sources */,
				E7692827222431CE0031137D /* MultipartFormData.swift in Sources */,
				E79262A0219710A700CDBB7E /* URLSessionAPIAdapter.swift in Sources */,
				E766870E2236FCFE0090DC08 /* APIError.swift in Sources */,
			);
			runOnlyForDeploymentPostprocessing = 0;
		};
		52D6DA0A1BF000BD002C0205 /* Sources */ = {
			isa = PBXSourcesBuildPhase;
			buildActionMask = 2147483647;
			files = (
				E769282A22269D4C0031137D /* OutputStream+Write.swift in Sources */,
				E7B774302152752A006E7585 /* APIEndpoint.swift in Sources */,
				E7B774202152752A006E7585 /* URL+APIAdapter.swift in Sources */,
				E7B774282152752A006E7585 /* URLRequest+APIAdapter.swift in Sources */,
				E7B774342152752A006E7585 /* APIAdapter+Types.swift in Sources */,
				E7B7741C2152752A006E7585 /* APIAdapter.swift in Sources */,
				E7B7742C2152752A006E7585 /* AnyEncodable.swift in Sources */,
				A74B191122C4CD3000EE524A /* Serialized.swift in Sources */,
				F317B5F822980E2C0050217F /* CharacterSet+APIAdapter.swift in Sources */,
				E7197F78223510FF0059A54A /* MultipartBodyPart.swift in Sources */,
				E7692825222431CE0031137D /* MultipartFormData.swift in Sources */,
				E792629E219710A700CDBB7E /* URLSessionAPIAdapter.swift in Sources */,
				E766870C2236FCFE0090DC08 /* APIError.swift in Sources */,
			);
			runOnlyForDeploymentPostprocessing = 0;
		};
		DD7502761C68FCFC006590AF /* Sources */ = {
			isa = PBXSourcesBuildPhase;
			buildActionMask = 2147483647;
			files = (
				E7B7743D21527883006E7585 /* MockupAPIAdapterDelegate.swift in Sources */,
				BE235E8F22C0C23F00A09114 /* StressTests.swift in Sources */,
				E7B774392152776A006E7585 /* APIAdapterTests.swift in Sources */,
			);
			runOnlyForDeploymentPostprocessing = 0;
		};
		DD7502891C690C7A006590AF /* Sources */ = {
			isa = PBXSourcesBuildPhase;
			buildActionMask = 2147483647;
			files = (
				E7B7743E21527883006E7585 /* MockupAPIAdapterDelegate.swift in Sources */,
				BE235E9022C0C24000A09114 /* StressTests.swift in Sources */,
				E7B7743A2152776A006E7585 /* APIAdapterTests.swift in Sources */,
			);
			runOnlyForDeploymentPostprocessing = 0;
		};
/* End PBXSourcesBuildPhase section */

/* Begin PBXTargetDependency section */
		52D6D9891BEFF229002C0205 /* PBXTargetDependency */ = {
			isa = PBXTargetDependency;
			target = 52D6D97B1BEFF229002C0205 /* FTAPIKit-iOS */;
			targetProxy = 52D6D9881BEFF229002C0205 /* PBXContainerItemProxy */;
		};
		DD7502811C68FCFC006590AF /* PBXTargetDependency */ = {
			isa = PBXTargetDependency;
			target = 52D6DA0E1BF000BD002C0205 /* FTAPIKit-macOS */;
			targetProxy = DD7502801C68FCFC006590AF /* PBXContainerItemProxy */;
		};
		DD7502941C690C7A006590AF /* PBXTargetDependency */ = {
			isa = PBXTargetDependency;
			target = 52D6D9EF1BEFFFBE002C0205 /* FTAPIKit-tvOS */;
			targetProxy = DD7502931C690C7A006590AF /* PBXContainerItemProxy */;
		};
/* End PBXTargetDependency section */

/* Begin XCBuildConfiguration section */
		52D6D98E1BEFF229002C0205 /* Debug */ = {
			isa = XCBuildConfiguration;
			buildSettings = {
				ALWAYS_SEARCH_USER_PATHS = NO;
				CLANG_ANALYZER_LOCALIZABILITY_NONLOCALIZED = YES;
				CLANG_CXX_LANGUAGE_STANDARD = "gnu++0x";
				CLANG_CXX_LIBRARY = "libc++";
				CLANG_ENABLE_MODULES = YES;
				CLANG_ENABLE_OBJC_ARC = YES;
				CLANG_WARN_BLOCK_CAPTURE_AUTORELEASING = YES;
				CLANG_WARN_BOOL_CONVERSION = YES;
				CLANG_WARN_COMMA = YES;
				CLANG_WARN_CONSTANT_CONVERSION = YES;
				CLANG_WARN_DEPRECATED_OBJC_IMPLEMENTATIONS = YES;
				CLANG_WARN_DIRECT_OBJC_ISA_USAGE = YES_ERROR;
				CLANG_WARN_EMPTY_BODY = YES;
				CLANG_WARN_ENUM_CONVERSION = YES;
				CLANG_WARN_INFINITE_RECURSION = YES;
				CLANG_WARN_INT_CONVERSION = YES;
				CLANG_WARN_NON_LITERAL_NULL_CONVERSION = YES;
				CLANG_WARN_OBJC_IMPLICIT_RETAIN_SELF = YES;
				CLANG_WARN_OBJC_LITERAL_CONVERSION = YES;
				CLANG_WARN_OBJC_ROOT_CLASS = YES_ERROR;
				CLANG_WARN_RANGE_LOOP_ANALYSIS = YES;
				CLANG_WARN_STRICT_PROTOTYPES = YES;
				CLANG_WARN_SUSPICIOUS_MOVE = YES;
				CLANG_WARN_UNREACHABLE_CODE = YES;
				CLANG_WARN__DUPLICATE_METHOD_MATCH = YES;
				"CODE_SIGN_IDENTITY[sdk=iphoneos*]" = "iPhone Developer";
				COPY_PHASE_STRIP = NO;
				CURRENT_PROJECT_VERSION = 1;
				DEBUG_INFORMATION_FORMAT = dwarf;
				ENABLE_STRICT_OBJC_MSGSEND = YES;
				ENABLE_TESTABILITY = YES;
				GCC_C_LANGUAGE_STANDARD = gnu99;
				GCC_DYNAMIC_NO_PIC = NO;
				GCC_NO_COMMON_BLOCKS = YES;
				GCC_OPTIMIZATION_LEVEL = 0;
				GCC_PREPROCESSOR_DEFINITIONS = (
					"DEBUG=1",
					"$(inherited)",
				);
				GCC_WARN_64_TO_32_BIT_CONVERSION = YES;
				GCC_WARN_ABOUT_RETURN_TYPE = YES_ERROR;
				GCC_WARN_UNDECLARED_SELECTOR = YES;
				GCC_WARN_UNINITIALIZED_AUTOS = YES_AGGRESSIVE;
				GCC_WARN_UNUSED_FUNCTION = YES;
				GCC_WARN_UNUSED_VARIABLE = YES;
				IPHONEOS_DEPLOYMENT_TARGET = 8.0;
				MTL_ENABLE_DEBUG_INFO = YES;
				ONLY_ACTIVE_ARCH = YES;
				SDKROOT = iphoneos;
				SWIFT_OPTIMIZATION_LEVEL = "-Onone";
				SWIFT_VERSION = 4.0;
				TARGETED_DEVICE_FAMILY = "1,2";
				VERSIONING_SYSTEM = "apple-generic";
				VERSION_INFO_PREFIX = "";
			};
			name = Debug;
		};
		52D6D98F1BEFF229002C0205 /* Release */ = {
			isa = XCBuildConfiguration;
			buildSettings = {
				ALWAYS_SEARCH_USER_PATHS = NO;
				CLANG_ANALYZER_LOCALIZABILITY_NONLOCALIZED = YES;
				CLANG_CXX_LANGUAGE_STANDARD = "gnu++0x";
				CLANG_CXX_LIBRARY = "libc++";
				CLANG_ENABLE_MODULES = YES;
				CLANG_ENABLE_OBJC_ARC = YES;
				CLANG_WARN_BLOCK_CAPTURE_AUTORELEASING = YES;
				CLANG_WARN_BOOL_CONVERSION = YES;
				CLANG_WARN_COMMA = YES;
				CLANG_WARN_CONSTANT_CONVERSION = YES;
				CLANG_WARN_DEPRECATED_OBJC_IMPLEMENTATIONS = YES;
				CLANG_WARN_DIRECT_OBJC_ISA_USAGE = YES_ERROR;
				CLANG_WARN_EMPTY_BODY = YES;
				CLANG_WARN_ENUM_CONVERSION = YES;
				CLANG_WARN_INFINITE_RECURSION = YES;
				CLANG_WARN_INT_CONVERSION = YES;
				CLANG_WARN_NON_LITERAL_NULL_CONVERSION = YES;
				CLANG_WARN_OBJC_IMPLICIT_RETAIN_SELF = YES;
				CLANG_WARN_OBJC_LITERAL_CONVERSION = YES;
				CLANG_WARN_OBJC_ROOT_CLASS = YES_ERROR;
				CLANG_WARN_RANGE_LOOP_ANALYSIS = YES;
				CLANG_WARN_STRICT_PROTOTYPES = YES;
				CLANG_WARN_SUSPICIOUS_MOVE = YES;
				CLANG_WARN_UNREACHABLE_CODE = YES;
				CLANG_WARN__DUPLICATE_METHOD_MATCH = YES;
				"CODE_SIGN_IDENTITY[sdk=iphoneos*]" = "iPhone Developer";
				COPY_PHASE_STRIP = NO;
				CURRENT_PROJECT_VERSION = 1;
				DEBUG_INFORMATION_FORMAT = "dwarf-with-dsym";
				ENABLE_NS_ASSERTIONS = NO;
				ENABLE_STRICT_OBJC_MSGSEND = YES;
				GCC_C_LANGUAGE_STANDARD = gnu99;
				GCC_NO_COMMON_BLOCKS = YES;
				GCC_WARN_64_TO_32_BIT_CONVERSION = YES;
				GCC_WARN_ABOUT_RETURN_TYPE = YES_ERROR;
				GCC_WARN_UNDECLARED_SELECTOR = YES;
				GCC_WARN_UNINITIALIZED_AUTOS = YES_AGGRESSIVE;
				GCC_WARN_UNUSED_FUNCTION = YES;
				GCC_WARN_UNUSED_VARIABLE = YES;
				IPHONEOS_DEPLOYMENT_TARGET = 8.0;
				MTL_ENABLE_DEBUG_INFO = NO;
				SDKROOT = iphoneos;
				SWIFT_COMPILATION_MODE = wholemodule;
				SWIFT_VERSION = 4.0;
				TARGETED_DEVICE_FAMILY = "1,2";
				VALIDATE_PRODUCT = YES;
				VERSIONING_SYSTEM = "apple-generic";
				VERSION_INFO_PREFIX = "";
			};
			name = Release;
		};
		52D6D9911BEFF229002C0205 /* Debug */ = {
			isa = XCBuildConfiguration;
			buildSettings = {
				APPLICATION_EXTENSION_API_ONLY = YES;
				CLANG_ENABLE_MODULES = YES;
				"CODE_SIGN_IDENTITY[sdk=iphoneos*]" = "";
				DEFINES_MODULE = YES;
				DYLIB_COMPATIBILITY_VERSION = 1;
				DYLIB_CURRENT_VERSION = 1;
				DYLIB_INSTALL_NAME_BASE = "@rpath";
				INFOPLIST_FILE = Configs/FTAPIKit.plist;
				INSTALL_PATH = "$(LOCAL_LIBRARY_DIR)/Frameworks";
				LD_RUNPATH_SEARCH_PATHS = "$(inherited) @executable_path/Frameworks @loader_path/Frameworks";
				ONLY_ACTIVE_ARCH = NO;
				PRODUCT_BUNDLE_IDENTIFIER = "com.FTAPIKit.FTAPIKit-iOS";
				PRODUCT_NAME = FTAPIKit;
				SKIP_INSTALL = YES;
				SWIFT_OPTIMIZATION_LEVEL = "-Onone";
				SWIFT_VERSION = 4.2;
			};
			name = Debug;
		};
		52D6D9921BEFF229002C0205 /* Release */ = {
			isa = XCBuildConfiguration;
			buildSettings = {
				APPLICATION_EXTENSION_API_ONLY = YES;
				CLANG_ENABLE_MODULES = YES;
				"CODE_SIGN_IDENTITY[sdk=iphoneos*]" = "";
				DEFINES_MODULE = YES;
				DYLIB_COMPATIBILITY_VERSION = 1;
				DYLIB_CURRENT_VERSION = 1;
				DYLIB_INSTALL_NAME_BASE = "@rpath";
				INFOPLIST_FILE = Configs/FTAPIKit.plist;
				INSTALL_PATH = "$(LOCAL_LIBRARY_DIR)/Frameworks";
				LD_RUNPATH_SEARCH_PATHS = "$(inherited) @executable_path/Frameworks @loader_path/Frameworks";
				PRODUCT_BUNDLE_IDENTIFIER = "com.FTAPIKit.FTAPIKit-iOS";
				PRODUCT_NAME = FTAPIKit;
				SKIP_INSTALL = YES;
				SWIFT_OPTIMIZATION_LEVEL = "-Owholemodule";
				SWIFT_VERSION = 4.2;
			};
			name = Release;
		};
		52D6D9941BEFF229002C0205 /* Debug */ = {
			isa = XCBuildConfiguration;
			buildSettings = {
				CLANG_ENABLE_MODULES = YES;
				INFOPLIST_FILE = Configs/FTAPIKitTests.plist;
				LD_RUNPATH_SEARCH_PATHS = "$(inherited) @executable_path/Frameworks @loader_path/Frameworks";
				PRODUCT_BUNDLE_IDENTIFIER = "com.FTAPIKit.FTAPIKit-iOS-Tests";
				PRODUCT_NAME = "$(TARGET_NAME)";
				SWIFT_OPTIMIZATION_LEVEL = "-Onone";
				SWIFT_VERSION = 4.2;
			};
			name = Debug;
		};
		52D6D9951BEFF229002C0205 /* Release */ = {
			isa = XCBuildConfiguration;
			buildSettings = {
				CLANG_ENABLE_MODULES = YES;
				INFOPLIST_FILE = Configs/FTAPIKitTests.plist;
				LD_RUNPATH_SEARCH_PATHS = "$(inherited) @executable_path/Frameworks @loader_path/Frameworks";
				PRODUCT_BUNDLE_IDENTIFIER = "com.FTAPIKit.FTAPIKit-iOS-Tests";
				PRODUCT_NAME = "$(TARGET_NAME)";
				SWIFT_OPTIMIZATION_LEVEL = "-Owholemodule";
				SWIFT_VERSION = 4.2;
			};
			name = Release;
		};
		52D6D9E81BEFFF6E002C0205 /* Debug */ = {
			isa = XCBuildConfiguration;
			buildSettings = {
				APPLICATION_EXTENSION_API_ONLY = YES;
				"CODE_SIGN_IDENTITY[sdk=watchos*]" = "";
				DEFINES_MODULE = YES;
				DYLIB_COMPATIBILITY_VERSION = 1;
				DYLIB_CURRENT_VERSION = 1;
				DYLIB_INSTALL_NAME_BASE = "@rpath";
				INFOPLIST_FILE = Configs/FTAPIKit.plist;
				INSTALL_PATH = "$(LOCAL_LIBRARY_DIR)/Frameworks";
				LD_RUNPATH_SEARCH_PATHS = "$(inherited) @executable_path/Frameworks @loader_path/Frameworks";
				PRODUCT_BUNDLE_IDENTIFIER = "com.FTAPIKit.FTAPIKit-watchOS";
				PRODUCT_NAME = FTAPIKit;
				SDKROOT = watchos;
				SKIP_INSTALL = YES;
				SWIFT_VERSION = 4.2;
				TARGETED_DEVICE_FAMILY = 4;
				WATCHOS_DEPLOYMENT_TARGET = 2.0;
			};
			name = Debug;
		};
		52D6D9E91BEFFF6E002C0205 /* Release */ = {
			isa = XCBuildConfiguration;
			buildSettings = {
				APPLICATION_EXTENSION_API_ONLY = YES;
				"CODE_SIGN_IDENTITY[sdk=watchos*]" = "";
				DEFINES_MODULE = YES;
				DYLIB_COMPATIBILITY_VERSION = 1;
				DYLIB_CURRENT_VERSION = 1;
				DYLIB_INSTALL_NAME_BASE = "@rpath";
				INFOPLIST_FILE = Configs/FTAPIKit.plist;
				INSTALL_PATH = "$(LOCAL_LIBRARY_DIR)/Frameworks";
				LD_RUNPATH_SEARCH_PATHS = "$(inherited) @executable_path/Frameworks @loader_path/Frameworks";
				PRODUCT_BUNDLE_IDENTIFIER = "com.FTAPIKit.FTAPIKit-watchOS";
				PRODUCT_NAME = FTAPIKit;
				SDKROOT = watchos;
				SKIP_INSTALL = YES;
				SWIFT_OPTIMIZATION_LEVEL = "-Owholemodule";
				SWIFT_VERSION = 4.2;
				TARGETED_DEVICE_FAMILY = 4;
				WATCHOS_DEPLOYMENT_TARGET = 2.0;
			};
			name = Release;
		};
		52D6DA021BEFFFBE002C0205 /* Debug */ = {
			isa = XCBuildConfiguration;
			buildSettings = {
				APPLICATION_EXTENSION_API_ONLY = YES;
				"CODE_SIGN_IDENTITY[sdk=appletvos*]" = "";
				DEFINES_MODULE = YES;
				DYLIB_COMPATIBILITY_VERSION = 1;
				DYLIB_CURRENT_VERSION = 1;
				DYLIB_INSTALL_NAME_BASE = "@rpath";
				INFOPLIST_FILE = Configs/FTAPIKit.plist;
				INSTALL_PATH = "$(LOCAL_LIBRARY_DIR)/Frameworks";
				LD_RUNPATH_SEARCH_PATHS = "$(inherited) @executable_path/Frameworks @loader_path/Frameworks";
				PRODUCT_BUNDLE_IDENTIFIER = "com.FTAPIKit.FTAPIKit-tvOS";
				PRODUCT_NAME = FTAPIKit;
				SDKROOT = appletvos;
				SKIP_INSTALL = YES;
				SWIFT_VERSION = 4.2;
				TARGETED_DEVICE_FAMILY = 3;
				TVOS_DEPLOYMENT_TARGET = 9.0;
			};
			name = Debug;
		};
		52D6DA031BEFFFBE002C0205 /* Release */ = {
			isa = XCBuildConfiguration;
			buildSettings = {
				APPLICATION_EXTENSION_API_ONLY = YES;
				"CODE_SIGN_IDENTITY[sdk=appletvos*]" = "";
				DEFINES_MODULE = YES;
				DYLIB_COMPATIBILITY_VERSION = 1;
				DYLIB_CURRENT_VERSION = 1;
				DYLIB_INSTALL_NAME_BASE = "@rpath";
				INFOPLIST_FILE = Configs/FTAPIKit.plist;
				INSTALL_PATH = "$(LOCAL_LIBRARY_DIR)/Frameworks";
				LD_RUNPATH_SEARCH_PATHS = "$(inherited) @executable_path/Frameworks @loader_path/Frameworks";
				PRODUCT_BUNDLE_IDENTIFIER = "com.FTAPIKit.FTAPIKit-tvOS";
				PRODUCT_NAME = FTAPIKit;
				SDKROOT = appletvos;
				SKIP_INSTALL = YES;
				SWIFT_OPTIMIZATION_LEVEL = "-Owholemodule";
				SWIFT_VERSION = 4.2;
				TARGETED_DEVICE_FAMILY = 3;
				TVOS_DEPLOYMENT_TARGET = 9.0;
			};
			name = Release;
		};
		52D6DA211BF000BD002C0205 /* Debug */ = {
			isa = XCBuildConfiguration;
			buildSettings = {
				APPLICATION_EXTENSION_API_ONLY = YES;
				CODE_SIGN_IDENTITY = "-";
				COMBINE_HIDPI_IMAGES = YES;
				DEFINES_MODULE = YES;
				DYLIB_COMPATIBILITY_VERSION = 1;
				DYLIB_CURRENT_VERSION = 1;
				DYLIB_INSTALL_NAME_BASE = "@rpath";
				FRAMEWORK_VERSION = A;
				INFOPLIST_FILE = Configs/FTAPIKit.plist;
				INSTALL_PATH = "$(LOCAL_LIBRARY_DIR)/Frameworks";
				LD_RUNPATH_SEARCH_PATHS = "$(inherited) @executable_path/../Frameworks @loader_path/Frameworks";
				MACOSX_DEPLOYMENT_TARGET = 10.10;
				PRODUCT_BUNDLE_IDENTIFIER = "com.FTAPIKit.FTAPIKit-macOS";
				PRODUCT_NAME = FTAPIKit;
				SDKROOT = macosx;
				SKIP_INSTALL = YES;
				SWIFT_VERSION = 5.0;
			};
			name = Debug;
		};
		52D6DA221BF000BD002C0205 /* Release */ = {
			isa = XCBuildConfiguration;
			buildSettings = {
				APPLICATION_EXTENSION_API_ONLY = YES;
				CODE_SIGN_IDENTITY = "-";
				COMBINE_HIDPI_IMAGES = YES;
				DEFINES_MODULE = YES;
				DYLIB_COMPATIBILITY_VERSION = 1;
				DYLIB_CURRENT_VERSION = 1;
				DYLIB_INSTALL_NAME_BASE = "@rpath";
				FRAMEWORK_VERSION = A;
				INFOPLIST_FILE = Configs/FTAPIKit.plist;
				INSTALL_PATH = "$(LOCAL_LIBRARY_DIR)/Frameworks";
				LD_RUNPATH_SEARCH_PATHS = "$(inherited) @executable_path/../Frameworks @loader_path/Frameworks";
				MACOSX_DEPLOYMENT_TARGET = 10.10;
				PRODUCT_BUNDLE_IDENTIFIER = "com.FTAPIKit.FTAPIKit-macOS";
				PRODUCT_NAME = FTAPIKit;
				SDKROOT = macosx;
				SKIP_INSTALL = YES;
				SWIFT_OPTIMIZATION_LEVEL = "-Owholemodule";
				SWIFT_VERSION = 5.0;
			};
			name = Release;
		};
		DD7502831C68FCFC006590AF /* Debug */ = {
			isa = XCBuildConfiguration;
			buildSettings = {
				CODE_SIGN_IDENTITY = "-";
				COMBINE_HIDPI_IMAGES = YES;
				INFOPLIST_FILE = Configs/FTAPIKitTests.plist;
				LD_RUNPATH_SEARCH_PATHS = "$(inherited) @executable_path/../Frameworks @loader_path/../Frameworks";
				MACOSX_DEPLOYMENT_TARGET = 10.11;
				PRODUCT_BUNDLE_IDENTIFIER = "com.FTAPIKit.FTAPIKit-macOS-Tests";
				PRODUCT_NAME = "$(TARGET_NAME)";
				SDKROOT = macosx;
				SWIFT_VERSION = 5.0;
			};
			name = Debug;
		};
		DD7502841C68FCFC006590AF /* Release */ = {
			isa = XCBuildConfiguration;
			buildSettings = {
				CODE_SIGN_IDENTITY = "-";
				COMBINE_HIDPI_IMAGES = YES;
				INFOPLIST_FILE = Configs/FTAPIKitTests.plist;
				LD_RUNPATH_SEARCH_PATHS = "$(inherited) @executable_path/../Frameworks @loader_path/../Frameworks";
				MACOSX_DEPLOYMENT_TARGET = 10.11;
				PRODUCT_BUNDLE_IDENTIFIER = "com.FTAPIKit.FTAPIKit-macOS-Tests";
				PRODUCT_NAME = "$(TARGET_NAME)";
				SDKROOT = macosx;
				SWIFT_OPTIMIZATION_LEVEL = "-Owholemodule";
				SWIFT_VERSION = 5.0;
			};
			name = Release;
		};
		DD7502961C690C7A006590AF /* Debug */ = {
			isa = XCBuildConfiguration;
			buildSettings = {
				INFOPLIST_FILE = Configs/FTAPIKitTests.plist;
				LD_RUNPATH_SEARCH_PATHS = "$(inherited) @executable_path/Frameworks @loader_path/Frameworks";
				PRODUCT_BUNDLE_IDENTIFIER = "com.FTAPIKit.FTAPIKit-tvOS-Tests";
				PRODUCT_NAME = "$(TARGET_NAME)";
				SDKROOT = appletvos;
				SWIFT_VERSION = 4.2;
				TVOS_DEPLOYMENT_TARGET = 9.1;
			};
			name = Debug;
		};
		DD7502971C690C7A006590AF /* Release */ = {
			isa = XCBuildConfiguration;
			buildSettings = {
				INFOPLIST_FILE = Configs/FTAPIKitTests.plist;
				LD_RUNPATH_SEARCH_PATHS = "$(inherited) @executable_path/Frameworks @loader_path/Frameworks";
				PRODUCT_BUNDLE_IDENTIFIER = "com.FTAPIKit.FTAPIKit-tvOS-Tests";
				PRODUCT_NAME = "$(TARGET_NAME)";
				SDKROOT = appletvos;
				SWIFT_OPTIMIZATION_LEVEL = "-Owholemodule";
				SWIFT_VERSION = 4.2;
				TVOS_DEPLOYMENT_TARGET = 9.1;
			};
			name = Release;
		};
		E7A4701E2183060F00287BD3 /* Debug */ = {
			isa = XCBuildConfiguration;
			buildSettings = {
				CODE_SIGN_STYLE = Automatic;
				PRODUCT_NAME = "$(TARGET_NAME)";
			};
			name = Debug;
		};
		E7A4701F2183060F00287BD3 /* Release */ = {
			isa = XCBuildConfiguration;
			buildSettings = {
				CODE_SIGN_STYLE = Automatic;
				PRODUCT_NAME = "$(TARGET_NAME)";
			};
			name = Release;
		};
/* End XCBuildConfiguration section */

/* Begin XCConfigurationList section */
		52D6D9761BEFF229002C0205 /* Build configuration list for PBXProject "FTAPIKit" */ = {
			isa = XCConfigurationList;
			buildConfigurations = (
				52D6D98E1BEFF229002C0205 /* Debug */,
				52D6D98F1BEFF229002C0205 /* Release */,
			);
			defaultConfigurationIsVisible = 0;
			defaultConfigurationName = Release;
		};
		52D6D9901BEFF229002C0205 /* Build configuration list for PBXNativeTarget "FTAPIKit-iOS" */ = {
			isa = XCConfigurationList;
			buildConfigurations = (
				52D6D9911BEFF229002C0205 /* Debug */,
				52D6D9921BEFF229002C0205 /* Release */,
			);
			defaultConfigurationIsVisible = 0;
			defaultConfigurationName = Release;
		};
		52D6D9931BEFF229002C0205 /* Build configuration list for PBXNativeTarget "FTAPIKit-iOS Tests" */ = {
			isa = XCConfigurationList;
			buildConfigurations = (
				52D6D9941BEFF229002C0205 /* Debug */,
				52D6D9951BEFF229002C0205 /* Release */,
			);
			defaultConfigurationIsVisible = 0;
			defaultConfigurationName = Release;
		};
		52D6D9E71BEFFF6E002C0205 /* Build configuration list for PBXNativeTarget "FTAPIKit-watchOS" */ = {
			isa = XCConfigurationList;
			buildConfigurations = (
				52D6D9E81BEFFF6E002C0205 /* Debug */,
				52D6D9E91BEFFF6E002C0205 /* Release */,
			);
			defaultConfigurationIsVisible = 0;
			defaultConfigurationName = Release;
		};
		52D6DA011BEFFFBE002C0205 /* Build configuration list for PBXNativeTarget "FTAPIKit-tvOS" */ = {
			isa = XCConfigurationList;
			buildConfigurations = (
				52D6DA021BEFFFBE002C0205 /* Debug */,
				52D6DA031BEFFFBE002C0205 /* Release */,
			);
			defaultConfigurationIsVisible = 0;
			defaultConfigurationName = Release;
		};
		52D6DA201BF000BD002C0205 /* Build configuration list for PBXNativeTarget "FTAPIKit-macOS" */ = {
			isa = XCConfigurationList;
			buildConfigurations = (
				52D6DA211BF000BD002C0205 /* Debug */,
				52D6DA221BF000BD002C0205 /* Release */,
			);
			defaultConfigurationIsVisible = 0;
			defaultConfigurationName = Release;
		};
		DD7502821C68FCFC006590AF /* Build configuration list for PBXNativeTarget "FTAPIKit-macOS Tests" */ = {
			isa = XCConfigurationList;
			buildConfigurations = (
				DD7502831C68FCFC006590AF /* Debug */,
				DD7502841C68FCFC006590AF /* Release */,
			);
			defaultConfigurationIsVisible = 0;
			defaultConfigurationName = Release;
		};
		DD7502951C690C7A006590AF /* Build configuration list for PBXNativeTarget "FTAPIKit-tvOS Tests" */ = {
			isa = XCConfigurationList;
			buildConfigurations = (
				DD7502961C690C7A006590AF /* Debug */,
				DD7502971C690C7A006590AF /* Release */,
			);
			defaultConfigurationIsVisible = 0;
			defaultConfigurationName = Release;
		};
		E7A470202183060F00287BD3 /* Build configuration list for PBXAggregateTarget "FTAPIKit-Documentation" */ = {
			isa = XCConfigurationList;
			buildConfigurations = (
				E7A4701E2183060F00287BD3 /* Debug */,
				E7A4701F2183060F00287BD3 /* Release */,
			);
			defaultConfigurationIsVisible = 0;
			defaultConfigurationName = Release;
		};
/* End XCConfigurationList section */
	};
	rootObject = 52D6D9731BEFF229002C0205 /* Project object */;
}
